github.com/bakaoh/sqlite-gobroem v0.0.0-20181106043831-31f36aba0c2a h1:XPjW4HB3S8jQAfcsM41uH1A4rAoVtwdNyYuuI4JUG2Y=
github.com/bakaoh/sqlite-gobroem v0.0.0-20181106043831-31f36aba0c2a/go.mod h1:JL8NhsS1SKZiHBgVI4VPzAKOsf110fb0cRId4lzyq6A=
github.com/mattn/go-sqlite3 v1.14.22 h1:2gZY6PC6kBnID23Tichd1K+Z0oS6nE/XwU+Vz/5o4kU=
github.com/mattn/go-sqlite3 v1.14.22/go.mod h1:Uh1q+B4BYcTPb+yiD3kU8Ct7aC0hY9fxUwlHK0RXw+Y=
